// !$*UTF8*$!
{
	archiveVersion = 1;
	classes = {
	};
	objectVersion = 50;
	objects = {

/* Begin PBXBuildFile section */
		923E78F220B73E1900410E37 /* StatGenController.swift in Sources */ = {isa = PBXBuildFile; fileRef = 923E78F120B73E1900410E37 /* StatGenController.swift */; };
		923E78F620B7432B00410E37 /* GDPRPopover.swift in Sources */ = {isa = PBXBuildFile; fileRef = 923E78F520B7432B00410E37 /* GDPRPopover.swift */; };
		92AEBDAA20B7652C00854CDB /* GDPRSingleton.swift in Sources */ = {isa = PBXBuildFile; fileRef = 92AEBDA920B7652C00854CDB /* GDPRSingleton.swift */; };
		92DAD49D20B37C1A00E2678B /* VCSingleton.swift in Sources */ = {isa = PBXBuildFile; fileRef = 92DAD49C20B37C1A00E2678B /* VCSingleton.swift */; };
		92DEB3C020F7C32D001BBC50 /* AerServSDK.framework in Frameworks */ = {isa = PBXBuildFile; fileRef = 92DEB3BF20F7C32D001BBC50 /* AerServSDK.framework */; };
		92DEB3C420F7C89F001BBC50 /* DTBiOSSDK.framework in Frameworks */ = {isa = PBXBuildFile; fileRef = 92DEB3C320F7C89F001BBC50 /* DTBiOSSDK.framework */; };
		9A0768A120AE45FC003DBCE4 /* Default-568h@2x.png in Resources */ = {isa = PBXBuildFile; fileRef = 9A0768A020AE45FC003DBCE4 /* Default-568h@2x.png */; };
		9A393E6920AE347700685EC1 /* WebKit.framework in Frameworks */ = {isa = PBXBuildFile; fileRef = 9A393E6820AE347700685EC1 /* WebKit.framework */; };
		9A393E6B20AE348500685EC1 /* libxml2.2.tbd in Frameworks */ = {isa = PBXBuildFile; fileRef = 9A393E6A20AE348500685EC1 /* libxml2.2.tbd */; };
		9AAE76B720AE47F50052B2AB /* LaunchScreen.storyboard in Resources */ = {isa = PBXBuildFile; fileRef = 9AEB795320AE2D54004C9D5F /* LaunchScreen.storyboard */; };
		9AEB794920AE2D52004C9D5F /* AppDelegate.swift in Sources */ = {isa = PBXBuildFile; fileRef = 9AEB794820AE2D52004C9D5F /* AppDelegate.swift */; };
		9AEB794B20AE2D52004C9D5F /* MainViewController.swift in Sources */ = {isa = PBXBuildFile; fileRef = 9AEB794A20AE2D52004C9D5F /* MainViewController.swift */; };
		9AEB794D20AE2D52004C9D5F /* EarningViewController.swift in Sources */ = {isa = PBXBuildFile; fileRef = 9AEB794C20AE2D52004C9D5F /* EarningViewController.swift */; };
		9AEB795020AE2D52004C9D5F /* Main.storyboard in Resources */ = {isa = PBXBuildFile; fileRef = 9AEB794E20AE2D52004C9D5F /* Main.storyboard */; };
		9AEB795220AE2D54004C9D5F /* Assets.xcassets in Resources */ = {isa = PBXBuildFile; fileRef = 9AEB795120AE2D54004C9D5F /* Assets.xcassets */; };
/* End PBXBuildFile section */

/* Begin PBXFileReference section */
		923E78F120B73E1900410E37 /* StatGenController.swift */ = {isa = PBXFileReference; lastKnownFileType = sourcecode.swift; path = StatGenController.swift; sourceTree = "<group>"; };
		923E78F520B7432B00410E37 /* GDPRPopover.swift */ = {isa = PBXFileReference; lastKnownFileType = sourcecode.swift; path = GDPRPopover.swift; sourceTree = "<group>"; };
		92AEBDA920B7652C00854CDB /* GDPRSingleton.swift */ = {isa = PBXFileReference; lastKnownFileType = sourcecode.swift; path = GDPRSingleton.swift; sourceTree = "<group>"; };
		92DAD49C20B37C1A00E2678B /* VCSingleton.swift */ = {isa = PBXFileReference; lastKnownFileType = sourcecode.swift; path = VCSingleton.swift; sourceTree = "<group>"; };
		92DEB3BF20F7C32D001BBC50 /* AerServSDK.framework */ = {isa = PBXFileReference; lastKnownFileType = wrapper.framework; path = AerServSDK.framework; sourceTree = "<group>"; };
		92DEB3C320F7C89F001BBC50 /* DTBiOSSDK.framework */ = {isa = PBXFileReference; lastKnownFileType = wrapper.framework; path = DTBiOSSDK.framework; sourceTree = "<group>"; };
		9A0768A020AE45FC003DBCE4 /* Default-568h@2x.png */ = {isa = PBXFileReference; lastKnownFileType = image.png; path = "Default-568h@2x.png"; sourceTree = "<group>"; };
		9A393E6820AE347700685EC1 /* WebKit.framework */ = {isa = PBXFileReference; lastKnownFileType = wrapper.framework; name = WebKit.framework; path = System/Library/Frameworks/WebKit.framework; sourceTree = SDKROOT; };
		9A393E6A20AE348500685EC1 /* libxml2.2.tbd */ = {isa = PBXFileReference; lastKnownFileType = "sourcecode.text-based-dylib-definition"; name = libxml2.2.tbd; path = usr/lib/libxml2.2.tbd; sourceTree = SDKROOT; };
		9A393E7020AE430200685EC1 /* AerServSDK-Bridging-Header.h */ = {isa = PBXFileReference; lastKnownFileType = sourcecode.c.h; name = "AerServSDK-Bridging-Header.h"; path = "OCGEN/AerServSDK-Bridging-Header.h"; sourceTree = SOURCE_ROOT; };
		9AEB794520AE2D52004C9D5F /* OCGEN.app */ = {isa = PBXFileReference; explicitFileType = wrapper.application; includeInIndex = 0; path = OCGEN.app; sourceTree = BUILT_PRODUCTS_DIR; };
		9AEB794820AE2D52004C9D5F /* AppDelegate.swift */ = {isa = PBXFileReference; lastKnownFileType = sourcecode.swift; path = AppDelegate.swift; sourceTree = "<group>"; };
		9AEB794A20AE2D52004C9D5F /* MainViewController.swift */ = {isa = PBXFileReference; lastKnownFileType = sourcecode.swift; path = MainViewController.swift; sourceTree = "<group>"; };
		9AEB794C20AE2D52004C9D5F /* EarningViewController.swift */ = {isa = PBXFileReference; lastKnownFileType = sourcecode.swift; path = EarningViewController.swift; sourceTree = "<group>"; };
		9AEB794F20AE2D52004C9D5F /* Base */ = {isa = PBXFileReference; lastKnownFileType = file.storyboard; name = Base; path = Base.lproj/Main.storyboard; sourceTree = "<group>"; };
		9AEB795120AE2D54004C9D5F /* Assets.xcassets */ = {isa = PBXFileReference; lastKnownFileType = folder.assetcatalog; path = Assets.xcassets; sourceTree = "<group>"; };
		9AEB795420AE2D54004C9D5F /* Base */ = {isa = PBXFileReference; lastKnownFileType = file.storyboard; name = Base; path = Base.lproj/LaunchScreen.storyboard; sourceTree = "<group>"; };
		9AEB795620AE2D54004C9D5F /* Info.plist */ = {isa = PBXFileReference; lastKnownFileType = text.plist.xml; path = Info.plist; sourceTree = "<group>"; };
/* End PBXFileReference section */

/* Begin PBXFrameworksBuildPhase section */
		9AEB794220AE2D52004C9D5F /* Frameworks */ = {
			isa = PBXFrameworksBuildPhase;
			buildActionMask = 2147483647;
			files = (
				92DEB3C420F7C89F001BBC50 /* DTBiOSSDK.framework in Frameworks */,
				9A393E6B20AE348500685EC1 /* libxml2.2.tbd in Frameworks */,
				92DEB3C020F7C32D001BBC50 /* AerServSDK.framework in Frameworks */,
				9A393E6920AE347700685EC1 /* WebKit.framework in Frameworks */,
			);
			runOnlyForDeploymentPostprocessing = 0;
		};
/* End PBXFrameworksBuildPhase section */

/* Begin PBXGroup section */
		9A393E6520AE346D00685EC1 /* Frameworks */ = {
			isa = PBXGroup;
			children = (
				92DEB3C320F7C89F001BBC50 /* DTBiOSSDK.framework */,
				92DEB3BF20F7C32D001BBC50 /* AerServSDK.framework */,
				9A393E6A20AE348500685EC1 /* libxml2.2.tbd */,
				9A393E6820AE347700685EC1 /* WebKit.framework */,
			);
			name = Frameworks;
			sourceTree = "<group>";
		};
		9AEB793C20AE2D52004C9D5F = {
			isa = PBXGroup;
			children = (
				9A0768A020AE45FC003DBCE4 /* Default-568h@2x.png */,
				9AEB794720AE2D52004C9D5F /* OCGEN */,
				9AEB794620AE2D52004C9D5F /* Products */,
				9A393E6520AE346D00685EC1 /* Frameworks */,
			);
			sourceTree = "<group>";
		};
		9AEB794620AE2D52004C9D5F /* Products */ = {
			isa = PBXGroup;
			children = (
				9AEB794520AE2D52004C9D5F /* OCGEN.app */,
			);
			name = Products;
			sourceTree = "<group>";
		};
		9AEB794720AE2D52004C9D5F /* OCGEN */ = {
			isa = PBXGroup;
			children = (
				923E78F520B7432B00410E37 /* GDPRPopover.swift */,
				92AEBDA920B7652C00854CDB /* GDPRSingleton.swift */,
				9AEB794820AE2D52004C9D5F /* AppDelegate.swift */,
				92DAD49C20B37C1A00E2678B /* VCSingleton.swift */,
				9AEB794A20AE2D52004C9D5F /* MainViewController.swift */,
				923E78F120B73E1900410E37 /* StatGenController.swift */,
				9AEB794C20AE2D52004C9D5F /* EarningViewController.swift */,
				9AEB794E20AE2D52004C9D5F /* Main.storyboard */,
				9AEB795120AE2D54004C9D5F /* Assets.xcassets */,
				9AEB795320AE2D54004C9D5F /* LaunchScreen.storyboard */,
				9AEB795620AE2D54004C9D5F /* Info.plist */,
				9A393E7020AE430200685EC1 /* AerServSDK-Bridging-Header.h */,
			);
			path = OCGEN;
			sourceTree = "<group>";
		};
/* End PBXGroup section */

/* Begin PBXNativeTarget section */
		9AEB794420AE2D52004C9D5F /* OCGEN */ = {
			isa = PBXNativeTarget;
			buildConfigurationList = 9AEB795920AE2D54004C9D5F /* Build configuration list for PBXNativeTarget "OCGEN" */;
			buildPhases = (
				9AEB794120AE2D52004C9D5F /* Sources */,
				9AEB794220AE2D52004C9D5F /* Frameworks */,
				9AEB794320AE2D52004C9D5F /* Resources */,
			);
			buildRules = (
			);
			dependencies = (
			);
			name = OCGEN;
			productName = OCGEN;
			productReference = 9AEB794520AE2D52004C9D5F /* OCGEN.app */;
			productType = "com.apple.product-type.application";
		};
/* End PBXNativeTarget section */

/* Begin PBXProject section */
		9AEB793D20AE2D52004C9D5F /* Project object */ = {
			isa = PBXProject;
			attributes = {
				LastSwiftUpdateCheck = 0930;
				LastUpgradeCheck = 0930;
				ORGANIZATIONNAME = Vartyr;
				TargetAttributes = {
					9AEB794420AE2D52004C9D5F = {
						CreatedOnToolsVersion = 9.3.1;
					};
				};
			};
			buildConfigurationList = 9AEB794020AE2D52004C9D5F /* Build configuration list for PBXProject "OCGEN" */;
			compatibilityVersion = "Xcode 9.3";
			developmentRegion = en;
			hasScannedForEncodings = 0;
			knownRegions = (
				en,
				Base,
			);
			mainGroup = 9AEB793C20AE2D52004C9D5F;
			productRefGroup = 9AEB794620AE2D52004C9D5F /* Products */;
			projectDirPath = "";
			projectRoot = "";
			targets = (
				9AEB794420AE2D52004C9D5F /* OCGEN */,
			);
		};
/* End PBXProject section */

/* Begin PBXResourcesBuildPhase section */
		9AEB794320AE2D52004C9D5F /* Resources */ = {
			isa = PBXResourcesBuildPhase;
			buildActionMask = 2147483647;
			files = (
				9A0768A120AE45FC003DBCE4 /* Default-568h@2x.png in Resources */,
				9AAE76B720AE47F50052B2AB /* LaunchScreen.storyboard in Resources */,
				9AEB795220AE2D54004C9D5F /* Assets.xcassets in Resources */,
				9AEB795020AE2D52004C9D5F /* Main.storyboard in Resources */,
			);
			runOnlyForDeploymentPostprocessing = 0;
		};
/* End PBXResourcesBuildPhase section */

/* Begin PBXSourcesBuildPhase section */
		9AEB794120AE2D52004C9D5F /* Sources */ = {
			isa = PBXSourcesBuildPhase;
			buildActionMask = 2147483647;
			files = (
				923E78F620B7432B00410E37 /* GDPRPopover.swift in Sources */,
				9AEB794D20AE2D52004C9D5F /* EarningViewController.swift in Sources */,
				92AEBDAA20B7652C00854CDB /* GDPRSingleton.swift in Sources */,
				923E78F220B73E1900410E37 /* StatGenController.swift in Sources */,
				9AEB794920AE2D52004C9D5F /* AppDelegate.swift in Sources */,
				92DAD49D20B37C1A00E2678B /* VCSingleton.swift in Sources */,
				9AEB794B20AE2D52004C9D5F /* MainViewController.swift in Sources */,
			);
			runOnlyForDeploymentPostprocessing = 0;
		};
/* End PBXSourcesBuildPhase section */

/* Begin PBXVariantGroup section */
		9AEB794E20AE2D52004C9D5F /* Main.storyboard */ = {
			isa = PBXVariantGroup;
			children = (
				9AEB794F20AE2D52004C9D5F /* Base */,
			);
			name = Main.storyboard;
			sourceTree = "<group>";
		};
		9AEB795320AE2D54004C9D5F /* LaunchScreen.storyboard */ = {
			isa = PBXVariantGroup;
			children = (
				9AEB795420AE2D54004C9D5F /* Base */,
			);
			name = LaunchScreen.storyboard;
			sourceTree = "<group>";
		};
/* End PBXVariantGroup section */

/* Begin XCBuildConfiguration section */
		9AEB795720AE2D54004C9D5F /* Debug */ = {
			isa = XCBuildConfiguration;
			buildSettings = {
				ALWAYS_SEARCH_USER_PATHS = NO;
				CLANG_ANALYZER_NONNULL = YES;
				CLANG_ANALYZER_NUMBER_OBJECT_CONVERSION = YES_AGGRESSIVE;
				CLANG_CXX_LANGUAGE_STANDARD = "gnu++14";
				CLANG_CXX_LIBRARY = "libc++";
				CLANG_ENABLE_MODULES = YES;
				CLANG_ENABLE_OBJC_ARC = YES;
				CLANG_ENABLE_OBJC_WEAK = YES;
				CLANG_WARN_BLOCK_CAPTURE_AUTORELEASING = YES;
				CLANG_WARN_BOOL_CONVERSION = YES;
				CLANG_WARN_COMMA = YES;
				CLANG_WARN_CONSTANT_CONVERSION = YES;
				CLANG_WARN_DEPRECATED_OBJC_IMPLEMENTATIONS = YES;
				CLANG_WARN_DIRECT_OBJC_ISA_USAGE = YES_ERROR;
				CLANG_WARN_DOCUMENTATION_COMMENTS = YES;
				CLANG_WARN_EMPTY_BODY = YES;
				CLANG_WARN_ENUM_CONVERSION = YES;
				CLANG_WARN_INFINITE_RECURSION = YES;
				CLANG_WARN_INT_CONVERSION = YES;
				CLANG_WARN_NON_LITERAL_NULL_CONVERSION = YES;
				CLANG_WARN_OBJC_IMPLICIT_RETAIN_SELF = YES;
				CLANG_WARN_OBJC_LITERAL_CONVERSION = YES;
				CLANG_WARN_OBJC_ROOT_CLASS = YES_ERROR;
				CLANG_WARN_RANGE_LOOP_ANALYSIS = YES;
				CLANG_WARN_STRICT_PROTOTYPES = YES;
				CLANG_WARN_SUSPICIOUS_MOVE = YES;
				CLANG_WARN_UNGUARDED_AVAILABILITY = YES_AGGRESSIVE;
				CLANG_WARN_UNREACHABLE_CODE = YES;
				CLANG_WARN__DUPLICATE_METHOD_MATCH = YES;
				CODE_SIGN_IDENTITY = "iPhone Developer";
				COPY_PHASE_STRIP = NO;
				DEBUG_INFORMATION_FORMAT = dwarf;
				ENABLE_STRICT_OBJC_MSGSEND = YES;
				ENABLE_TESTABILITY = YES;
				GCC_C_LANGUAGE_STANDARD = gnu11;
				GCC_DYNAMIC_NO_PIC = NO;
				GCC_NO_COMMON_BLOCKS = YES;
				GCC_OPTIMIZATION_LEVEL = 0;
				GCC_PREPROCESSOR_DEFINITIONS = (
					"DEBUG=1",
					"$(inherited)",
				);
				GCC_WARN_64_TO_32_BIT_CONVERSION = YES;
				GCC_WARN_ABOUT_RETURN_TYPE = YES_ERROR;
				GCC_WARN_UNDECLARED_SELECTOR = YES;
				GCC_WARN_UNINITIALIZED_AUTOS = YES_AGGRESSIVE;
				GCC_WARN_UNUSED_FUNCTION = YES;
				GCC_WARN_UNUSED_VARIABLE = YES;
				IPHONEOS_DEPLOYMENT_TARGET = 11.3;
				MTL_ENABLE_DEBUG_INFO = YES;
				ONLY_ACTIVE_ARCH = YES;
				SDKROOT = iphoneos;
				SWIFT_ACTIVE_COMPILATION_CONDITIONS = DEBUG;
				SWIFT_OPTIMIZATION_LEVEL = "-Onone";
			};
			name = Debug;
		};
		9AEB795820AE2D54004C9D5F /* Release */ = {
			isa = XCBuildConfiguration;
			buildSettings = {
				ALWAYS_SEARCH_USER_PATHS = NO;
				CLANG_ANALYZER_NONNULL = YES;
				CLANG_ANALYZER_NUMBER_OBJECT_CONVERSION = YES_AGGRESSIVE;
				CLANG_CXX_LANGUAGE_STANDARD = "gnu++14";
				CLANG_CXX_LIBRARY = "libc++";
				CLANG_ENABLE_MODULES = YES;
				CLANG_ENABLE_OBJC_ARC = YES;
				CLANG_ENABLE_OBJC_WEAK = YES;
				CLANG_WARN_BLOCK_CAPTURE_AUTORELEASING = YES;
				CLANG_WARN_BOOL_CONVERSION = YES;
				CLANG_WARN_COMMA = YES;
				CLANG_WARN_CONSTANT_CONVERSION = YES;
				CLANG_WARN_DEPRECATED_OBJC_IMPLEMENTATIONS = YES;
				CLANG_WARN_DIRECT_OBJC_ISA_USAGE = YES_ERROR;
				CLANG_WARN_DOCUMENTATION_COMMENTS = YES;
				CLANG_WARN_EMPTY_BODY = YES;
				CLANG_WARN_ENUM_CONVERSION = YES;
				CLANG_WARN_INFINITE_RECURSION = YES;
				CLANG_WARN_INT_CONVERSION = YES;
				CLANG_WARN_NON_LITERAL_NULL_CONVERSION = YES;
				CLANG_WARN_OBJC_IMPLICIT_RETAIN_SELF = YES;
				CLANG_WARN_OBJC_LITERAL_CONVERSION = YES;
				CLANG_WARN_OBJC_ROOT_CLASS = YES_ERROR;
				CLANG_WARN_RANGE_LOOP_ANALYSIS = YES;
				CLANG_WARN_STRICT_PROTOTYPES = YES;
				CLANG_WARN_SUSPICIOUS_MOVE = YES;
				CLANG_WARN_UNGUARDED_AVAILABILITY = YES_AGGRESSIVE;
				CLANG_WARN_UNREACHABLE_CODE = YES;
				CLANG_WARN__DUPLICATE_METHOD_MATCH = YES;
				CODE_SIGN_IDENTITY = "iPhone Developer";
				COPY_PHASE_STRIP = NO;
				DEBUG_INFORMATION_FORMAT = "dwarf-with-dsym";
				ENABLE_NS_ASSERTIONS = NO;
				ENABLE_STRICT_OBJC_MSGSEND = YES;
				GCC_C_LANGUAGE_STANDARD = gnu11;
				GCC_NO_COMMON_BLOCKS = YES;
				GCC_WARN_64_TO_32_BIT_CONVERSION = YES;
				GCC_WARN_ABOUT_RETURN_TYPE = YES_ERROR;
				GCC_WARN_UNDECLARED_SELECTOR = YES;
				GCC_WARN_UNINITIALIZED_AUTOS = YES_AGGRESSIVE;
				GCC_WARN_UNUSED_FUNCTION = YES;
				GCC_WARN_UNUSED_VARIABLE = YES;
				IPHONEOS_DEPLOYMENT_TARGET = 11.3;
				MTL_ENABLE_DEBUG_INFO = NO;
				SDKROOT = iphoneos;
				SWIFT_COMPILATION_MODE = wholemodule;
				SWIFT_OPTIMIZATION_LEVEL = "-O";
				VALIDATE_PRODUCT = YES;
			};
			name = Release;
		};
		9AEB795A20AE2D54004C9D5F /* Debug */ = {
			isa = XCBuildConfiguration;
			buildSettings = {
				ASSETCATALOG_COMPILER_APPICON_NAME = AppIcon;
				CODE_SIGN_IDENTITY = "iPhone Developer";
				CODE_SIGN_STYLE = Automatic;
				DEVELOPMENT_TEAM = L36D2F8J6M;
				FRAMEWORK_SEARCH_PATHS = (
					"$(PROJECT_DIR)/OCGEN",
					"$(PROJECT_DIR)",
				);
				INFOPLIST_FILE = OCGEN/Info.plist;
				IPHONEOS_DEPLOYMENT_TARGET = 8.0;
				LD_RUNPATH_SEARCH_PATHS = (
					"$(inherited)",
					"@executable_path/Frameworks",
				);
				LIBRARY_SEARCH_PATHS = (
					"$(inherited)",
					"$(PROJECT_DIR)/OCGEN",
				);
				OTHER_LDFLAGS = "-ObjC";
				PRODUCT_BUNDLE_IDENTIFIER = com.vartyr.ocgen;
				PRODUCT_NAME = "$(TARGET_NAME)";
				PROVISIONING_PROFILE_SPECIFIER = "";
				SWIFT_OBJC_BRIDGING_HEADER = "OCGEN/AerServSDK-Bridging-Header.h";
				SWIFT_VERSION = 4.0;
				TARGETED_DEVICE_FAMILY = "1,2";
			};
			name = Debug;
		};
		9AEB795B20AE2D54004C9D5F /* Release */ = {
			isa = XCBuildConfiguration;
			buildSettings = {
				ASSETCATALOG_COMPILER_APPICON_NAME = AppIcon;
				CODE_SIGN_IDENTITY = "iPhone Developer";
				CODE_SIGN_STYLE = Automatic;
				DEVELOPMENT_TEAM = L36D2F8J6M;
				FRAMEWORK_SEARCH_PATHS = (
					"$(PROJECT_DIR)/OCGEN",
					"$(PROJECT_DIR)",
				);
				INFOPLIST_FILE = OCGEN/Info.plist;
				IPHONEOS_DEPLOYMENT_TARGET = 8.0;
				LD_RUNPATH_SEARCH_PATHS = (
					"$(inherited)",
					"@executable_path/Frameworks",
				);
				LIBRARY_SEARCH_PATHS = (
					"$(inherited)",
					"$(PROJECT_DIR)/OCGEN",
				);
				OTHER_LDFLAGS = "-ObjC";
				PRODUCT_BUNDLE_IDENTIFIER = com.vartyr.ocgen;
				PRODUCT_NAME = "$(TARGET_NAME)";
				PROVISIONING_PROFILE_SPECIFIER = "";
				SWIFT_OBJC_BRIDGING_HEADER = "OCGEN/AerServSDK-Bridging-Header.h";
				SWIFT_VERSION = 4.0;
				TARGETED_DEVICE_FAMILY = "1,2";
			};
			name = Release;
		};
/* End XCBuildConfiguration section */

/* Begin XCConfigurationList section */
		9AEB794020AE2D52004C9D5F /* Build configuration list for PBXProject "OCGEN" */ = {
			isa = XCConfigurationList;
			buildConfigurations = (
				9AEB795720AE2D54004C9D5F /* Debug */,
				9AEB795820AE2D54004C9D5F /* Release */,
			);
			defaultConfigurationIsVisible = 0;
			defaultConfigurationName = Release;
		};
		9AEB795920AE2D54004C9D5F /* Build configuration list for PBXNativeTarget "OCGEN" */ = {
			isa = XCConfigurationList;
			buildConfigurations = (
				9AEB795A20AE2D54004C9D5F /* Debug */,
				9AEB795B20AE2D54004C9D5F /* Release */,
			);
			defaultConfigurationIsVisible = 0;
			defaultConfigurationName = Release;
		};
/* End XCConfigurationList section */
	};
	rootObject = 9AEB793D20AE2D52004C9D5F /* Project object */;
}
